{
  "nodes": {
    "nixpkgs": {
      "locked": {
        "lastModified": 1751852175,
        "narHash": "sha256-+MLlfTCCOvz4K6AcSPbaPiFM9MYi7fA2Wr1ibmRwIlM=",
        "owner": "nixos",
        "repo": "nixpkgs",
        "rev": "2defa37146df235ef62f566cde69930a86f14df1",
        "type": "github"
      },
      "original": {
        "owner": "nixos",
        "ref": "nixpkgs-unstable",
        "repo": "nixpkgs",
        "type": "github"
      }
    },
    "root": {
      "inputs": {
        "nixpkgs": "nixpkgs"
      }
    }
  },
  "root": "root",
  "version": 7
}
